
Microsoft Visual Studio Solution File, Format Version 12.00
# Visual Studio Version 16
VisualStudioVersion = 16.0.31624.102
MinimumVisualStudioVersion = 10.0.40219.1
Project("{8BC9CEB8-8B4A-11D0-8D11-00A0C91BC942}") = "BAI_01", "bt1\bt1.vcxproj", "{C5B301A8-B78B-4E5A-9158-1FC874D8A97F}"
EndProject
Project("{8BC9CEB8-8B4A-11D0-8D11-00A0C91BC942}") = "BAI_02", "bt2\bt2.vcxproj", "{3DE72287-6762-41F9-ADFA-A1845F656771}"
EndProject
Project("{8BC9CEB8-8B4A-11D0-8D11-00A0C91BC942}") = "BAI_03", "bt3\bt3.vcxproj", "{B7F16E5A-AC79-4CC2-B45A-ED5AD40C5A32}"
EndProject
Project("{8BC9CEB8-8B4A-11D0-8D11-00A0C91BC942}") = "BAI_04", "bt4\bt4.vcxproj", "{C1913F98-6B0B-4A74-8857-581480327D23}"
EndProject
Project("{8BC9CEB8-8B4A-11D0-8D11-00A0C91BC942}") = "BAI_05", "bt5\bt5.vcxproj", "{42AE7B2E-ACAC-4D09-B273-64131C717FB3}"
EndProject
Project("{8BC9CEB8-8B4A-11D0-8D11-00A0C91BC942}") = "BAI_06", "bt6\bt6.vcxproj", "{B622040D-1A6A-4935-986F-EABA85F67E9B}"
EndProject
Project("{8BC9CEB8-8B4A-11D0-8D11-00A0C91BC942}") = "BAI_07", "bt7\bt7.vcxproj", "{65A76DBF-8A66-43AA-801C-8E76B1BE99A5}"
EndProject
Project("{8BC9CEB8-8B4A-11D0-8D11-00A0C91BC942}") = "BAI_08", "bt8\bt8.vcxproj", "{CEFC3CC0-1529-4D40-B573-610558ACCE01}"
EndProject
Project("{8BC9CEB8-8B4A-11D0-8D11-00A0C91BC942}") = "BAI_09", "bt9\bt9.vcxproj", "{DFF72800-6AE9-4089-8FE6-6D0C9683C752}"
EndProject
Project("{8BC9CEB8-8B4A-11D0-8D11-00A0C91BC942}") = "BAI_10", "bt10\bt10.vcxproj", "{C7948004-DE1C-4EE2-AEE1-508108A779C8}"
EndProject
Project("{8BC9CEB8-8B4A-11D0-8D11-00A0C91BC942}") = "BAI_11", "bt11\bt11.vcxproj", "{34561BBD-37B3-4EDB-BE22-0795D4C02CC5}"
EndProject
Project("{8BC9CEB8-8B4A-11D0-8D11-00A0C91BC942}") = "BAI_12", "bt12\bt12.vcxproj", "{A9ED55AA-4180-4641-84B3-77C114029276}"
EndProject
Project("{8BC9CEB8-8B4A-11D0-8D11-00A0C91BC942}") = "BAI_14", "BAI_14\BAI_14.vcxproj", "{4795C5F9-E2EF-4D45-BB66-A40F44B70A15}"
EndProject
Project("{8BC9CEB8-8B4A-11D0-8D11-00A0C91BC942}") = "BAI_15", "BAI_15\BAI_15.vcxproj", "{2A9D52F3-8887-42F0-B62E-BB2E31B7AED2}"
EndProject
Project("{8BC9CEB8-8B4A-11D0-8D11-00A0C91BC942}") = "BAI_16", "BAI_16\BAI_16.vcxproj", "{BDB91BE4-4377-4D93-B078-7577CE438DB6}"
EndProject
Project("{8BC9CEB8-8B4A-11D0-8D11-00A0C91BC942}") = "BAI_17", "BAI_17\BAI_17.vcxproj", "{7417D023-9E38-418C-B0EE-BA81B777DFDF}"
EndProject
Project("{8BC9CEB8-8B4A-11D0-8D11-00A0C91BC942}") = "BAI_18", "BAI_18\BAI_18.vcxproj", "{CBCDF10D-987F-448E-B6F5-B7F0FC2F6A69}"
EndProject
Project("{8BC9CEB8-8B4A-11D0-8D11-00A0C91BC942}") = "BAI_13", "BAI_13\BAI_13.vcxproj", "{68E4584F-79CF-439C-B38F-BC942A6E7134}"
EndProject
Project("{8BC9CEB8-8B4A-11D0-8D11-00A0C91BC942}") = "BAI_19", "BAI_19\BAI_19.vcxproj", "{1784D6AB-F14F-46D4-AD93-4387CFB7F52C}"
EndProject
Project("{8BC9CEB8-8B4A-11D0-8D11-00A0C91BC942}") = "BAI_20", "BAI_20\BAI_20.vcxproj", "{A1D30308-9787-4F60-9B68-5C961BC6E78A}"
EndProject
Global
	GlobalSection(SolutionConfigurationPlatforms) = preSolution
		Debug|x64 = Debug|x64
		Debug|x86 = Debug|x86
		Release|x64 = Release|x64
		Release|x86 = Release|x86
	EndGlobalSection
	GlobalSection(ProjectConfigurationPlatforms) = postSolution
		{C5B301A8-B78B-4E5A-9158-1FC874D8A97F}.Debug|x64.ActiveCfg = Debug|x64
		{C5B301A8-B78B-4E5A-9158-1FC874D8A97F}.Debug|x64.Build.0 = Debug|x64
		{C5B301A8-B78B-4E5A-9158-1FC874D8A97F}.Debug|x86.ActiveCfg = Debug|Win32
		{C5B301A8-B78B-4E5A-9158-1FC874D8A97F}.Debug|x86.Build.0 = Debug|Win32
		{C5B301A8-B78B-4E5A-9158-1FC874D8A97F}.Release|x64.ActiveCfg = Release|x64
		{C5B301A8-B78B-4E5A-9158-1FC874D8A97F}.Release|x64.Build.0 = Release|x64
		{C5B301A8-B78B-4E5A-9158-1FC874D8A97F}.Release|x86.ActiveCfg = Release|Win32
		{C5B301A8-B78B-4E5A-9158-1FC874D8A97F}.Release|x86.Build.0 = Release|Win32
		{3DE72287-6762-41F9-ADFA-A1845F656771}.Debug|x64.ActiveCfg = Debug|x64
		{3DE72287-6762-41F9-ADFA-A1845F656771}.Debug|x64.Build.0 = Debug|x64
		{3DE72287-6762-41F9-ADFA-A1845F656771}.Debug|x86.ActiveCfg = Debug|Win32
		{3DE72287-6762-41F9-ADFA-A1845F656771}.Debug|x86.Build.0 = Debug|Win32
		{3DE72287-6762-41F9-ADFA-A1845F656771}.Release|x64.ActiveCfg = Release|x64
		{3DE72287-6762-41F9-ADFA-A1845F656771}.Release|x64.Build.0 = Release|x64
		{3DE72287-6762-41F9-ADFA-A1845F656771}.Release|x86.ActiveCfg = Release|Win32
		{3DE72287-6762-41F9-ADFA-A1845F656771}.Release|x86.Build.0 = Release|Win32
		{B7F16E5A-AC79-4CC2-B45A-ED5AD40C5A32}.Debug|x64.ActiveCfg = Debug|x64
		{B7F16E5A-AC79-4CC2-B45A-ED5AD40C5A32}.Debug|x64.Build.0 = Debug|x64
		{B7F16E5A-AC79-4CC2-B45A-ED5AD40C5A32}.Debug|x86.ActiveCfg = Debug|Win32
		{B7F16E5A-AC79-4CC2-B45A-ED5AD40C5A32}.Debug|x86.Build.0 = Debug|Win32
		{B7F16E5A-AC79-4CC2-B45A-ED5AD40C5A32}.Release|x64.ActiveCfg = Release|x64
		{B7F16E5A-AC79-4CC2-B45A-ED5AD40C5A32}.Release|x64.Build.0 = Release|x64
		{B7F16E5A-AC79-4CC2-B45A-ED5AD40C5A32}.Release|x86.ActiveCfg = Release|Win32
		{B7F16E5A-AC79-4CC2-B45A-ED5AD40C5A32}.Release|x86.Build.0 = Release|Win32
		{C1913F98-6B0B-4A74-8857-581480327D23}.Debug|x64.ActiveCfg = Debug|x64
		{C1913F98-6B0B-4A74-8857-581480327D23}.Debug|x64.Build.0 = Debug|x64
		{C1913F98-6B0B-4A74-8857-581480327D23}.Debug|x86.ActiveCfg = Debug|Win32
		{C1913F98-6B0B-4A74-8857-581480327D23}.Debug|x86.Build.0 = Debug|Win32
		{C1913F98-6B0B-4A74-8857-581480327D23}.Release|x64.ActiveCfg = Release|x64
		{C1913F98-6B0B-4A74-8857-581480327D23}.Release|x64.Build.0 = Release|x64
		{C1913F98-6B0B-4A74-8857-581480327D23}.Release|x86.ActiveCfg = Release|Win32
		{C1913F98-6B0B-4A74-8857-581480327D23}.Release|x86.Build.0 = Release|Win32
		{42AE7B2E-ACAC-4D09-B273-64131C717FB3}.Debug|x64.ActiveCfg = Debug|x64
		{42AE7B2E-ACAC-4D09-B273-64131C717FB3}.Debug|x64.Build.0 = Debug|x64
		{42AE7B2E-ACAC-4D09-B273-64131C717FB3}.Debug|x86.ActiveCfg = Debug|Win32
		{42AE7B2E-ACAC-4D09-B273-64131C717FB3}.Debug|x86.Build.0 = Debug|Win32
		{42AE7B2E-ACAC-4D09-B273-64131C717FB3}.Release|x64.ActiveCfg = Release|x64
		{42AE7B2E-ACAC-4D09-B273-64131C717FB3}.Release|x64.Build.0 = Release|x64
		{42AE7B2E-ACAC-4D09-B273-64131C717FB3}.Release|x86.ActiveCfg = Release|Win32
		{42AE7B2E-ACAC-4D09-B273-64131C717FB3}.Release|x86.Build.0 = Release|Win32
		{B622040D-1A6A-4935-986F-EABA85F67E9B}.Debug|x64.ActiveCfg = Debug|x64
		{B622040D-1A6A-4935-986F-EABA85F67E9B}.Debug|x64.Build.0 = Debug|x64
		{B622040D-1A6A-4935-986F-EABA85F67E9B}.Debug|x86.ActiveCfg = Debug|Win32
		{B622040D-1A6A-4935-986F-EABA85F67E9B}.Debug|x86.Build.0 = Debug|Win32
		{B622040D-1A6A-4935-986F-EABA85F67E9B}.Release|x64.ActiveCfg = Release|x64
		{B622040D-1A6A-4935-986F-EABA85F67E9B}.Release|x64.Build.0 = Release|x64
		{B622040D-1A6A-4935-986F-EABA85F67E9B}.Release|x86.ActiveCfg = Release|Win32
		{B622040D-1A6A-4935-986F-EABA85F67E9B}.Release|x86.Build.0 = Release|Win32
		{65A76DBF-8A66-43AA-801C-8E76B1BE99A5}.Debug|x64.ActiveCfg = Debug|x64
		{65A76DBF-8A66-43AA-801C-8E76B1BE99A5}.Debug|x64.Build.0 = Debug|x64
		{65A76DBF-8A66-43AA-801C-8E76B1BE99A5}.Debug|x86.ActiveCfg = Debug|Win32
		{65A76DBF-8A66-43AA-801C-8E76B1BE99A5}.Debug|x86.Build.0 = Debug|Win32
		{65A76DBF-8A66-43AA-801C-8E76B1BE99A5}.Release|x64.ActiveCfg = Release|x64
		{65A76DBF-8A66-43AA-801C-8E76B1BE99A5}.Release|x64.Build.0 = Release|x64
		{65A76DBF-8A66-43AA-801C-8E76B1BE99A5}.Release|x86.ActiveCfg = Release|Win32
		{65A76DBF-8A66-43AA-801C-8E76B1BE99A5}.Release|x86.Build.0 = Release|Win32
		{CEFC3CC0-1529-4D40-B573-610558ACCE01}.Debug|x64.ActiveCfg = Debug|x64
		{CEFC3CC0-1529-4D40-B573-610558ACCE01}.Debug|x64.Build.0 = Debug|x64
		{CEFC3CC0-1529-4D40-B573-610558ACCE01}.Debug|x86.ActiveCfg = Debug|Win32
		{CEFC3CC0-1529-4D40-B573-610558ACCE01}.Debug|x86.Build.0 = Debug|Win32
		{CEFC3CC0-1529-4D40-B573-610558ACCE01}.Release|x64.ActiveCfg = Release|x64
		{CEFC3CC0-1529-4D40-B573-610558ACCE01}.Release|x64.Build.0 = Release|x64
		{CEFC3CC0-1529-4D40-B573-610558ACCE01}.Release|x86.ActiveCfg = Release|Win32
		{CEFC3CC0-1529-4D40-B573-610558ACCE01}.Release|x86.Build.0 = Release|Win32
		{DFF72800-6AE9-4089-8FE6-6D0C9683C752}.Debug|x64.ActiveCfg = Debug|x64
		{DFF72800-6AE9-4089-8FE6-6D0C9683C752}.Debug|x64.Build.0 = Debug|x64
		{DFF72800-6AE9-4089-8FE6-6D0C9683C752}.Debug|x86.ActiveCfg = Debug|Win32
		{DFF72800-6AE9-4089-8FE6-6D0C9683C752}.Debug|x86.Build.0 = Debug|Win32
		{DFF72800-6AE9-4089-8FE6-6D0C9683C752}.Release|x64.ActiveCfg = Release|x64
		{DFF72800-6AE9-4089-8FE6-6D0C9683C752}.Release|x64.Build.0 = Release|x64
		{DFF72800-6AE9-4089-8FE6-6D0C9683C752}.Release|x86.ActiveCfg = Release|Win32
		{DFF72800-6AE9-4089-8FE6-6D0C9683C752}.Release|x86.Build.0 = Release|Win32
		{C7948004-DE1C-4EE2-AEE1-508108A779C8}.Debug|x64.ActiveCfg = Debug|x64
		{C7948004-DE1C-4EE2-AEE1-508108A779C8}.Debug|x64.Build.0 = Debug|x64
		{C7948004-DE1C-4EE2-AEE1-508108A779C8}.Debug|x86.ActiveCfg = Debug|Win32
		{C7948004-DE1C-4EE2-AEE1-508108A779C8}.Debug|x86.Build.0 = Debug|Win32
		{C7948004-DE1C-4EE2-AEE1-508108A779C8}.Release|x64.ActiveCfg = Release|x64
		{C7948004-DE1C-4EE2-AEE1-508108A779C8}.Release|x64.Build.0 = Release|x64
		{C7948004-DE1C-4EE2-AEE1-508108A779C8}.Release|x86.ActiveCfg = Release|Win32
		{C7948004-DE1C-4EE2-AEE1-508108A779C8}.Release|x86.Build.0 = Release|Win32
		{34561BBD-37B3-4EDB-BE22-0795D4C02CC5}.Debug|x64.ActiveCfg = Debug|x64
		{34561BBD-37B3-4EDB-BE22-0795D4C02CC5}.Debug|x64.Build.0 = Debug|x64
		{34561BBD-37B3-4EDB-BE22-0795D4C02CC5}.Debug|x86.ActiveCfg = Debug|Win32
		{34561BBD-37B3-4EDB-BE22-0795D4C02CC5}.Debug|x86.Build.0 = Debug|Win32
		{34561BBD-37B3-4EDB-BE22-0795D4C02CC5}.Release|x64.ActiveCfg = Release|x64
		{34561BBD-37B3-4EDB-BE22-0795D4C02CC5}.Release|x64.Build.0 = Release|x64
		{34561BBD-37B3-4EDB-BE22-0795D4C02CC5}.Release|x86.ActiveCfg = Release|Win32
		{34561BBD-37B3-4EDB-BE22-0795D4C02CC5}.Release|x86.Build.0 = Release|Win32
		{A9ED55AA-4180-4641-84B3-77C114029276}.Debug|x64.ActiveCfg = Debug|x64
		{A9ED55AA-4180-4641-84B3-77C114029276}.Debug|x64.Build.0 = Debug|x64
		{A9ED55AA-4180-4641-84B3-77C114029276}.Debug|x86.ActiveCfg = Debug|Win32
		{A9ED55AA-4180-4641-84B3-77C114029276}.Debug|x86.Build.0 = Debug|Win32
		{A9ED55AA-4180-4641-84B3-77C114029276}.Release|x64.ActiveCfg = Release|x64
		{A9ED55AA-4180-4641-84B3-77C114029276}.Release|x64.Build.0 = Release|x64
		{A9ED55AA-4180-4641-84B3-77C114029276}.Release|x86.ActiveCfg = Release|Win32
		{A9ED55AA-4180-4641-84B3-77C114029276}.Release|x86.Build.0 = Release|Win32
		{4795C5F9-E2EF-4D45-BB66-A40F44B70A15}.Debug|x64.ActiveCfg = Debug|x64
		{4795C5F9-E2EF-4D45-BB66-A40F44B70A15}.Debug|x64.Build.0 = Debug|x64
		{4795C5F9-E2EF-4D45-BB66-A40F44B70A15}.Debug|x86.ActiveCfg = Debug|Win32
		{4795C5F9-E2EF-4D45-BB66-A40F44B70A15}.Debug|x86.Build.0 = Debug|Win32
		{4795C5F9-E2EF-4D45-BB66-A40F44B70A15}.Release|x64.ActiveCfg = Release|x64
		{4795C5F9-E2EF-4D45-BB66-A40F44B70A15}.Release|x64.Build.0 = Release|x64
		{4795C5F9-E2EF-4D45-BB66-A40F44B70A15}.Release|x86.ActiveCfg = Release|Win32
		{4795C5F9-E2EF-4D45-BB66-A40F44B70A15}.Release|x86.Build.0 = Release|Win32
		{2A9D52F3-8887-42F0-B62E-BB2E31B7AED2}.Debug|x64.ActiveCfg = Debug|x64
		{2A9D52F3-8887-42F0-B62E-BB2E31B7AED2}.Debug|x64.Build.0 = Debug|x64
		{2A9D52F3-8887-42F0-B62E-BB2E31B7AED2}.Debug|x86.ActiveCfg = Debug|Win32
		{2A9D52F3-8887-42F0-B62E-BB2E31B7AED2}.Debug|x86.Build.0 = Debug|Win32
		{2A9D52F3-8887-42F0-B62E-BB2E31B7AED2}.Release|x64.ActiveCfg = Release|x64
		{2A9D52F3-8887-42F0-B62E-BB2E31B7AED2}.Release|x64.Build.0 = Release|x64
		{2A9D52F3-8887-42F0-B62E-BB2E31B7AED2}.Release|x86.ActiveCfg = Release|Win32
		{2A9D52F3-8887-42F0-B62E-BB2E31B7AED2}.Release|x86.Build.0 = Release|Win32
		{BDB91BE4-4377-4D93-B078-7577CE438DB6}.Debug|x64.ActiveCfg = Debug|x64
		{BDB91BE4-4377-4D93-B078-7577CE438DB6}.Debug|x64.Build.0 = Debug|x64
		{BDB91BE4-4377-4D93-B078-7577CE438DB6}.Debug|x86.ActiveCfg = Debug|Win32
		{BDB91BE4-4377-4D93-B078-7577CE438DB6}.Debug|x86.Build.0 = Debug|Win32
		{BDB91BE4-4377-4D93-B078-7577CE438DB6}.Release|x64.ActiveCfg = Release|x64
		{BDB91BE4-4377-4D93-B078-7577CE438DB6}.Release|x64.Build.0 = Release|x64
		{BDB91BE4-4377-4D93-B078-7577CE438DB6}.Release|x86.ActiveCfg = Release|Win32
		{BDB91BE4-4377-4D93-B078-7577CE438DB6}.Release|x86.Build.0 = Release|Win32
		{7417D023-9E38-418C-B0EE-BA81B777DFDF}.Debug|x64.ActiveCfg = Debug|x64
		{7417D023-9E38-418C-B0EE-BA81B777DFDF}.Debug|x64.Build.0 = Debug|x64
		{7417D023-9E38-418C-B0EE-BA81B777DFDF}.Debug|x86.ActiveCfg = Debug|Win32
		{7417D023-9E38-418C-B0EE-BA81B777DFDF}.Debug|x86.Build.0 = Debug|Win32
		{7417D023-9E38-418C-B0EE-BA81B777DFDF}.Release|x64.ActiveCfg = Release|x64
		{7417D023-9E38-418C-B0EE-BA81B777DFDF}.Release|x64.Build.0 = Release|x64
		{7417D023-9E38-418C-B0EE-BA81B777DFDF}.Release|x86.ActiveCfg = Release|Win32
		{7417D023-9E38-418C-B0EE-BA81B777DFDF}.Release|x86.Build.0 = Release|Win32
		{CBCDF10D-987F-448E-B6F5-B7F0FC2F6A69}.Debug|x64.ActiveCfg = Debug|x64
		{CBCDF10D-987F-448E-B6F5-B7F0FC2F6A69}.Debug|x64.Build.0 = Debug|x64
		{CBCDF10D-987F-448E-B6F5-B7F0FC2F6A69}.Debug|x86.ActiveCfg = Debug|Win32
		{CBCDF10D-987F-448E-B6F5-B7F0FC2F6A69}.Debug|x86.Build.0 = Debug|Win32
		{CBCDF10D-987F-448E-B6F5-B7F0FC2F6A69}.Release|x64.ActiveCfg = Release|x64
		{CBCDF10D-987F-448E-B6F5-B7F0FC2F6A69}.Release|x64.Build.0 = Release|x64
		{CBCDF10D-987F-448E-B6F5-B7F0FC2F6A69}.Release|x86.ActiveCfg = Release|Win32
		{CBCDF10D-987F-448E-B6F5-B7F0FC2F6A69}.Release|x86.Build.0 = Release|Win32
		{68E4584F-79CF-439C-B38F-BC942A6E7134}.Debug|x64.ActiveCfg = Debug|x64
		{68E4584F-79CF-439C-B38F-BC942A6E7134}.Debug|x64.Build.0 = Debug|x64
		{68E4584F-79CF-439C-B38F-BC942A6E7134}.Debug|x86.ActiveCfg = Debug|Win32
		{68E4584F-79CF-439C-B38F-BC942A6E7134}.Debug|x86.Build.0 = Debug|Win32
		{68E4584F-79CF-439C-B38F-BC942A6E7134}.Release|x64.ActiveCfg = Release|x64
		{68E4584F-79CF-439C-B38F-BC942A6E7134}.Release|x64.Build.0 = Release|x64
		{68E4584F-79CF-439C-B38F-BC942A6E7134}.Release|x86.ActiveCfg = Release|Win32
		{68E4584F-79CF-439C-B38F-BC942A6E7134}.Release|x86.Build.0 = Release|Win32
		{1784D6AB-F14F-46D4-AD93-4387CFB7F52C}.Debug|x64.ActiveCfg = Debug|x64
		{1784D6AB-F14F-46D4-AD93-4387CFB7F52C}.Debug|x64.Build.0 = Debug|x64
		{1784D6AB-F14F-46D4-AD93-4387CFB7F52C}.Debug|x86.ActiveCfg = Debug|Win32
		{1784D6AB-F14F-46D4-AD93-4387CFB7F52C}.Debug|x86.Build.0 = Debug|Win32
		{1784D6AB-F14F-46D4-AD93-4387CFB7F52C}.Release|x64.ActiveCfg = Release|x64
		{1784D6AB-F14F-46D4-AD93-4387CFB7F52C}.Release|x64.Build.0 = Release|x64
		{1784D6AB-F14F-46D4-AD93-4387CFB7F52C}.Release|x86.ActiveCfg = Release|Win32
		{1784D6AB-F14F-46D4-AD93-4387CFB7F52C}.Release|x86.Build.0 = Release|Win32
		{A1D30308-9787-4F60-9B68-5C961BC6E78A}.Debug|x64.ActiveCfg = Debug|x64
		{A1D30308-9787-4F60-9B68-5C961BC6E78A}.Debug|x64.Build.0 = Debug|x64
		{A1D30308-9787-4F60-9B68-5C961BC6E78A}.Debug|x86.ActiveCfg = Debug|Win32
		{A1D30308-9787-4F60-9B68-5C961BC6E78A}.Debug|x86.Build.0 = Debug|Win32
		{A1D30308-9787-4F60-9B68-5C961BC6E78A}.Release|x64.ActiveCfg = Release|x64
		{A1D30308-9787-4F60-9B68-5C961BC6E78A}.Release|x64.Build.0 = Release|x64
		{A1D30308-9787-4F60-9B68-5C961BC6E78A}.Release|x86.ActiveCfg = Release|Win32
		{A1D30308-9787-4F60-9B68-5C961BC6E78A}.Release|x86.Build.0 = Release|Win32
	EndGlobalSection
	GlobalSection(SolutionProperties) = preSolution
		HideSolutionNode = FALSE
	EndGlobalSection
	GlobalSection(ExtensibilityGlobals) = postSolution
		SolutionGuid = {250693C5-1478-4C66-9423-072FD7B90DCF}
	EndGlobalSection
EndGlobal
